// !$*UTF8*$!
{
	archiveVersion = 1;
	classes = {
	};
	objectVersion = 50;
	objects = {

/* Begin PBXBuildFile section */
		83BCF1DD21621E5C005BFBED /* AppDelegate.swift in Sources */ = {isa = PBXBuildFile; fileRef = 83BCF1DC21621E5C005BFBED /* AppDelegate.swift */; };
		83BCF1DF21621E5C005BFBED /* art.scnassets in Resources */ = {isa = PBXBuildFile; fileRef = 83BCF1DE21621E5C005BFBED /* art.scnassets */; };
		83BCF1E121621E5C005BFBED /* ViewController.swift in Sources */ = {isa = PBXBuildFile; fileRef = 83BCF1E021621E5C005BFBED /* ViewController.swift */; };
		83BCF1E421621E5C005BFBED /* Main.storyboard in Resources */ = {isa = PBXBuildFile; fileRef = 83BCF1E221621E5C005BFBED /* Main.storyboard */; };
		83BCF1E621621E5E005BFBED /* Assets.xcassets in Resources */ = {isa = PBXBuildFile; fileRef = 83BCF1E521621E5E005BFBED /* Assets.xcassets */; };
		83BCF1E921621E5E005BFBED /* LaunchScreen.storyboard in Resources */ = {isa = PBXBuildFile; fileRef = 83BCF1E721621E5E005BFBED /* LaunchScreen.storyboard */; };
/* End PBXBuildFile section */

/* Begin PBXFileReference section */
		83BCF1D921621E5C005BFBED /* EyeTracker.app */ = {isa = PBXFileReference; explicitFileType = wrapper.application; includeInIndex = 0; path = EyeTracker.app; sourceTree = BUILT_PRODUCTS_DIR; };
		83BCF1DC21621E5C005BFBED /* AppDelegate.swift */ = {isa = PBXFileReference; lastKnownFileType = sourcecode.swift; path = AppDelegate.swift; sourceTree = "<group>"; };
		83BCF1DE21621E5C005BFBED /* art.scnassets */ = {isa = PBXFileReference; lastKnownFileType = wrapper.scnassets; path = art.scnassets; sourceTree = "<group>"; };
		83BCF1E021621E5C005BFBED /* ViewController.swift */ = {isa = PBXFileReference; lastKnownFileType = sourcecode.swift; path = ViewController.swift; sourceTree = "<group>"; };
		83BCF1E321621E5C005BFBED /* Base */ = {isa = PBXFileReference; lastKnownFileType = file.storyboard; name = Base; path = Base.lproj/Main.storyboard; sourceTree = "<group>"; };
		83BCF1E521621E5E005BFBED /* Assets.xcassets */ = {isa = PBXFileReference; lastKnownFileType = folder.assetcatalog; path = Assets.xcassets; sourceTree = "<group>"; };
		83BCF1E821621E5E005BFBED /* Base */ = {isa = PBXFileReference; lastKnownFileType = file.storyboard; name = Base; path = Base.lproj/LaunchScreen.storyboard; sourceTree = "<group>"; };
		83BCF1EA21621E5E005BFBED /* Info.plist */ = {isa = PBXFileReference; lastKnownFileType = text.plist.xml; path = Info.plist; sourceTree = "<group>"; };
/* End PBXFileReference section */

/* Begin PBXFrameworksBuildPhase section */
		83BCF1D621621E5C005BFBED /* Frameworks */ = {
			isa = PBXFrameworksBuildPhase;
			buildActionMask = 2147483647;
			files = (
			);
			runOnlyForDeploymentPostprocessing = 0;
		};
/* End PBXFrameworksBuildPhase section */

/* Begin PBXGroup section */
		83BCF1D021621E5C005BFBED = {
			isa = PBXGroup;
			children = (
				83BCF1DB21621E5C005BFBED /* EyeTracker */,
				83BCF1DA21621E5C005BFBED /* Products */,
			);
			sourceTree = "<group>";
		};
		83BCF1DA21621E5C005BFBED /* Products */ = {
			isa = PBXGroup;
			children = (
				83BCF1D921621E5C005BFBED /* EyeTracker.app */,
			);
			name = Products;
			sourceTree = "<group>";
		};
		83BCF1DB21621E5C005BFBED /* EyeTracker */ = {
			isa = PBXGroup;
			children = (
				83BCF1DC21621E5C005BFBED /* AppDelegate.swift */,
				83BCF1DE21621E5C005BFBED /* art.scnassets */,
				83BCF1E021621E5C005BFBED /* ViewController.swift */,
				83BCF1E221621E5C005BFBED /* Main.storyboard */,
				83BCF1E521621E5E005BFBED /* Assets.xcassets */,
				83BCF1E721621E5E005BFBED /* LaunchScreen.storyboard */,
				83BCF1EA21621E5E005BFBED /* Info.plist */,
			);
			path = EyeTracker;
			sourceTree = "<group>";
		};
/* End PBXGroup section */

/* Begin PBXNativeTarget section */
		83BCF1D821621E5C005BFBED /* EyeTracker */ = {
			isa = PBXNativeTarget;
			buildConfigurationList = 83BCF1ED21621E5E005BFBED /* Build configuration list for PBXNativeTarget "EyeTracker" */;
			buildPhases = (
				83BCF1D521621E5C005BFBED /* Sources */,
				83BCF1D621621E5C005BFBED /* Frameworks */,
				83BCF1D721621E5C005BFBED /* Resources */,
			);
			buildRules = (
			);
			dependencies = (
			);
			name = EyeTracker;
			productName = EyeTracker;
			productReference = 83BCF1D921621E5C005BFBED /* EyeTracker.app */;
			productType = "com.apple.product-type.application";
		};
/* End PBXNativeTarget section */

/* Begin PBXProject section */
		83BCF1D121621E5C005BFBED /* Project object */ = {
			isa = PBXProject;
			attributes = {
				LastSwiftUpdateCheck = 1000;
				LastUpgradeCheck = 1000;
				TargetAttributes = {
					83BCF1D821621E5C005BFBED = {
						CreatedOnToolsVersion = 10.0;
					};
				};
			};
			buildConfigurationList = 83BCF1D421621E5C005BFBED /* Build configuration list for PBXProject "EyeTracker" */;
			compatibilityVersion = "Xcode 9.3";
			developmentRegion = en;
			hasScannedForEncodings = 0;
			knownRegions = (
				en,
				Base,
			);
			mainGroup = 83BCF1D021621E5C005BFBED;
			productRefGroup = 83BCF1DA21621E5C005BFBED /* Products */;
			projectDirPath = "";
			projectRoot = "";
			targets = (
				83BCF1D821621E5C005BFBED /* EyeTracker */,
			);
		};
/* End PBXProject section */

/* Begin PBXResourcesBuildPhase section */
		83BCF1D721621E5C005BFBED /* Resources */ = {
			isa = PBXResourcesBuildPhase;
			buildActionMask = 2147483647;
			files = (
				83BCF1DF21621E5C005BFBED /* art.scnassets in Resources */,
				83BCF1E921621E5E005BFBED /* LaunchScreen.storyboard in Resources */,
				83BCF1E621621E5E005BFBED /* Assets.xcassets in Resources */,
				83BCF1E421621E5C005BFBED /* Main.storyboard in Resources */,
			);
			runOnlyForDeploymentPostprocessing = 0;
		};
/* End PBXResourcesBuildPhase section */

/* Begin PBXSourcesBuildPhase section */
		83BCF1D521621E5C005BFBED /* Sources */ = {
			isa = PBXSourcesBuildPhase;
			buildActionMask = 2147483647;
			files = (
				83BCF1E121621E5C005BFBED /* ViewController.swift in Sources */,
				83BCF1DD21621E5C005BFBED /* AppDelegate.swift in Sources */,
			);
			runOnlyForDeploymentPostprocessing = 0;
		};
/* End PBXSourcesBuildPhase section */

/* Begin PBXVariantGroup section */
		83BCF1E221621E5C005BFBED /* Main.storyboard */ = {
			isa = PBXVariantGroup;
			children = (
				83BCF1E321621E5C005BFBED /* Base */,
			);
			name = Main.storyboard;
			sourceTree = "<group>";
		};
		83BCF1E721621E5E005BFBED /* LaunchScreen.storyboard */ = {
			isa = PBXVariantGroup;
			children = (
				83BCF1E821621E5E005BFBED /* Base */,
			);
			name = LaunchScreen.storyboard;
			sourceTree = "<group>";
		};
/* End PBXVariantGroup section */

/* Begin XCBuildConfiguration section */
		83BCF1EB21621E5E005BFBED /* Debug */ = {
			isa = XCBuildConfiguration;
			buildSettings = {
				ALWAYS_SEARCH_USER_PATHS = NO;
				CLANG_ANALYZER_NONNULL = YES;
				CLANG_ANALYZER_NUMBER_OBJECT_CONVERSION = YES_AGGRESSIVE;
				CLANG_CXX_LANGUAGE_STANDARD = "gnu++14";
				CLANG_CXX_LIBRARY = "libc++";
				CLANG_ENABLE_MODULES = YES;
				CLANG_ENABLE_OBJC_ARC = YES;
				CLANG_ENABLE_OBJC_WEAK = YES;
				CLANG_WARN_BLOCK_CAPTURE_AUTORELEASING = YES;
				CLANG_WARN_BOOL_CONVERSION = YES;
				CLANG_WARN_COMMA = YES;
				CLANG_WARN_CONSTANT_CONVERSION = YES;
				CLANG_WARN_DEPRECATED_OBJC_IMPLEMENTATIONS = YES;
				CLANG_WARN_DIRECT_OBJC_ISA_USAGE = YES_ERROR;
				CLANG_WARN_DOCUMENTATION_COMMENTS = YES;
				CLANG_WARN_EMPTY_BODY = YES;
				CLANG_WARN_ENUM_CONVERSION = YES;
				CLANG_WARN_INFINITE_RECURSION = YES;
				CLANG_WARN_INT_CONVERSION = YES;
				CLANG_WARN_NON_LITERAL_NULL_CONVERSION = YES;
				CLANG_WARN_OBJC_IMPLICIT_RETAIN_SELF = YES;
				CLANG_WARN_OBJC_LITERAL_CONVERSION = YES;
				CLANG_WARN_OBJC_ROOT_CLASS = YES_ERROR;
				CLANG_WARN_RANGE_LOOP_ANALYSIS = YES;
				CLANG_WARN_STRICT_PROTOTYPES = YES;
				CLANG_WARN_SUSPICIOUS_MOVE = YES;
				CLANG_WARN_UNGUARDED_AVAILABILITY = YES_AGGRESSIVE;
				CLANG_WARN_UNREACHABLE_CODE = YES;
				CLANG_WARN__DUPLICATE_METHOD_MATCH = YES;
				CODE_SIGN_IDENTITY = "iPhone Developer";
				COPY_PHASE_STRIP = NO;
				DEBUG_INFORMATION_FORMAT = dwarf;
				ENABLE_STRICT_OBJC_MSGSEND = YES;
				ENABLE_TESTABILITY = YES;
				GCC_C_LANGUAGE_STANDARD = gnu11;
				GCC_DYNAMIC_NO_PIC = NO;
				GCC_NO_COMMON_BLOCKS = YES;
				GCC_OPTIMIZATION_LEVEL = 0;
				GCC_PREPROCESSOR_DEFINITIONS = (
					"DEBUG=1",
					"$(inherited)",
				);
				GCC_WARN_64_TO_32_BIT_CONVERSION = YES;
				GCC_WARN_ABOUT_RETURN_TYPE = YES_ERROR;
				GCC_WARN_UNDECLARED_SELECTOR = YES;
				GCC_WARN_UNINITIALIZED_AUTOS = YES_AGGRESSIVE;
				GCC_WARN_UNUSED_FUNCTION = YES;
				GCC_WARN_UNUSED_VARIABLE = YES;
				IPHONEOS_DEPLOYMENT_TARGET = 12.0;
				MTL_ENABLE_DEBUG_INFO = INCLUDE_SOURCE;
				MTL_FAST_MATH = YES;
				ONLY_ACTIVE_ARCH = YES;
				SDKROOT = iphoneos;
				SWIFT_ACTIVE_COMPILATION_CONDITIONS = DEBUG;
				SWIFT_OPTIMIZATION_LEVEL = "-Onone";
			};
			name = Debug;
		};
		83BCF1EC21621E5E005BFBED /* Release */ = {
			isa = XCBuildConfiguration;
			buildSettings = {
				ALWAYS_SEARCH_USER_PATHS = NO;
				CLANG_ANALYZER_NONNULL = YES;
				CLANG_ANALYZER_NUMBER_OBJECT_CONVERSION = YES_AGGRESSIVE;
				CLANG_CXX_LANGUAGE_STANDARD = "gnu++14";
				CLANG_CXX_LIBRARY = "libc++";
				CLANG_ENABLE_MODULES = YES;
				CLANG_ENABLE_OBJC_ARC = YES;
				CLANG_ENABLE_OBJC_WEAK = YES;
				CLANG_WARN_BLOCK_CAPTURE_AUTORELEASING = YES;
				CLANG_WARN_BOOL_CONVERSION = YES;
				CLANG_WARN_COMMA = YES;
				CLANG_WARN_CONSTANT_CONVERSION = YES;
				CLANG_WARN_DEPRECATED_OBJC_IMPLEMENTATIONS = YES;
				CLANG_WARN_DIRECT_OBJC_ISA_USAGE = YES_ERROR;
				CLANG_WARN_DOCUMENTATION_COMMENTS = YES;
				CLANG_WARN_EMPTY_BODY = YES;
				CLANG_WARN_ENUM_CONVERSION = YES;
				CLANG_WARN_INFINITE_RECURSION = YES;
				CLANG_WARN_INT_CONVERSION = YES;
				CLANG_WARN_NON_LITERAL_NULL_CONVERSION = YES;
				CLANG_WARN_OBJC_IMPLICIT_RETAIN_SELF = YES;
				CLANG_WARN_OBJC_LITERAL_CONVERSION = YES;
				CLANG_WARN_OBJC_ROOT_CLASS = YES_ERROR;
				CLANG_WARN_RANGE_LOOP_ANALYSIS = YES;
				CLANG_WARN_STRICT_PROTOTYPES = YES;
				CLANG_WARN_SUSPICIOUS_MOVE = YES;
				CLANG_WARN_UNGUARDED_AVAILABILITY = YES_AGGRESSIVE;
				CLANG_WARN_UNREACHABLE_CODE = YES;
				CLANG_WARN__DUPLICATE_METHOD_MATCH = YES;
				CODE_SIGN_IDENTITY = "iPhone Developer";
				COPY_PHASE_STRIP = NO;
				DEBUG_INFORMATION_FORMAT = "dwarf-with-dsym";
				ENABLE_NS_ASSERTIONS = NO;
				ENABLE_STRICT_OBJC_MSGSEND = YES;
				GCC_C_LANGUAGE_STANDARD = gnu11;
				GCC_NO_COMMON_BLOCKS = YES;
				GCC_WARN_64_TO_32_BIT_CONVERSION = YES;
				GCC_WARN_ABOUT_RETURN_TYPE = YES_ERROR;
				GCC_WARN_UNDECLARED_SELECTOR = YES;
				GCC_WARN_UNINITIALIZED_AUTOS = YES_AGGRESSIVE;
				GCC_WARN_UNUSED_FUNCTION = YES;
				GCC_WARN_UNUSED_VARIABLE = YES;
				IPHONEOS_DEPLOYMENT_TARGET = 12.0;
				MTL_ENABLE_DEBUG_INFO = NO;
				MTL_FAST_MATH = YES;
				SDKROOT = iphoneos;
				SWIFT_COMPILATION_MODE = wholemodule;
				SWIFT_OPTIMIZATION_LEVEL = "-O";
				VALIDATE_PRODUCT = YES;
			};
			name = Release;
		};
		83BCF1EE21621E5E005BFBED /* Debug */ = {
			isa = XCBuildConfiguration;
			buildSettings = {
				ASSETCATALOG_COMPILER_APPICON_NAME = AppIcon;
				CODE_SIGN_STYLE = Automatic;
				DEVELOPMENT_TEAM = R3M694BK62;
				INFOPLIST_FILE = EyeTracker/Info.plist;
				LD_RUNPATH_SEARCH_PATHS = (
					"$(inherited)",
					"@executable_path/Frameworks",
				);
				PRODUCT_BUNDLE_IDENTIFIER = com.gmail.side.junktown.EyeTracker;
				PRODUCT_NAME = "$(TARGET_NAME)";
				SWIFT_VERSION = 4.2;
				TARGETED_DEVICE_FAMILY = "1,2";
			};
			name = Debug;
		};
		83BCF1EF21621E5E005BFBED /* Release */ = {
			isa = XCBuildConfiguration;
			buildSettings = {
				ASSETCATALOG_COMPILER_APPICON_NAME = AppIcon;
				CODE_SIGN_STYLE = Automatic;
				DEVELOPMENT_TEAM = R3M694BK62;
				INFOPLIST_FILE = EyeTracker/Info.plist;
				LD_RUNPATH_SEARCH_PATHS = (
					"$(inherited)",
					"@executable_path/Frameworks",
				);
				PRODUCT_BUNDLE_IDENTIFIER = com.gmail.side.junktown.EyeTracker;
				PRODUCT_NAME = "$(TARGET_NAME)";
				SWIFT_VERSION = 4.2;
				TARGETED_DEVICE_FAMILY = "1,2";
			};
			name = Release;
		};
/* End XCBuildConfiguration section */

/* Begin XCConfigurationList section */
		83BCF1D421621E5C005BFBED /* Build configuration list for PBXProject "EyeTracker" */ = {
			isa = XCConfigurationList;
			buildConfigurations = (
				83BCF1EB21621E5E005BFBED /* Debug */,
				83BCF1EC21621E5E005BFBED /* Release */,
			);
			defaultConfigurationIsVisible = 0;
			defaultConfigurationName = Release;
		};
		83BCF1ED21621E5E005BFBED /* Build configuration list for PBXNativeTarget "EyeTracker" */ = {
			isa = XCConfigurationList;
			buildConfigurations = (
				83BCF1EE21621E5E005BFBED /* Debug */,
				83BCF1EF21621E5E005BFBED /* Release */,
			);
			defaultConfigurationIsVisible = 0;
			defaultConfigurationName = Release;
		};
/* End XCConfigurationList section */
	};
	rootObject = 83BCF1D121621E5C005BFBED /* Project object */;
}
